
Microsoft Visual Studio Solution File, Format Version 12.00
# Visual Studio 2013
Project("{FAE04EC0-301F-11D3-BF4B-00C04F79EFBC}") = "UnityVS.LALA.CSharp.Plugins", "UnityVS.LALA.CSharp.Plugins.csproj", "{BD8862F3-AD27-F41D-5637-D5BEF51A2D05}"
EndProject
Project("{FAE04EC0-301F-11D3-BF4B-00C04F79EFBC}") = "UnityVS.LALA.CSharp", "UnityVS.LALA.CSharp.csproj", "{D81F31C1-5629-FBF0-309F-DE476D48B88C}"
EndProject
Project("{FAE04EC0-301F-11D3-BF4B-00C04F79EFBC}") = "UnityVS.LALA.CSharp.Editor", "UnityVS.LALA.CSharp.Editor.csproj", "{7A3F4A97-7A40-EF7D-80FA-F3552941E658}"
EndProject
Global
	GlobalSection(SolutionConfigurationPlatforms) = preSolution
		Debug|Any CPU = Debug|Any CPU
		Release|Any CPU = Release|Any CPU
	EndGlobalSection
	GlobalSection(ProjectConfigurationPlatforms) = postSolution
		{BD8862F3-AD27-F41D-5637-D5BEF51A2D05}.Debug|Any CPU.ActiveCfg = Debug|Any CPU
		{BD8862F3-AD27-F41D-5637-D5BEF51A2D05}.Debug|Any CPU.Build.0 = Debug|Any CPU
		{BD8862F3-AD27-F41D-5637-D5BEF51A2D05}.Release|Any CPU.ActiveCfg = Release|Any CPU
		{BD8862F3-AD27-F41D-5637-D5BEF51A2D05}.Release|Any CPU.Build.0 = Release|Any CPU
		{D81F31C1-5629-FBF0-309F-DE476D48B88C}.Debug|Any CPU.ActiveCfg = Debug|Any CPU
		{D81F31C1-5629-FBF0-309F-DE476D48B88C}.Debug|Any CPU.Build.0 = Debug|Any CPU
		{D81F31C1-5629-FBF0-309F-DE476D48B88C}.Release|Any CPU.ActiveCfg = Release|Any CPU
		{D81F31C1-5629-FBF0-309F-DE476D48B88C}.Release|Any CPU.Build.0 = Release|Any CPU
		{7A3F4A97-7A40-EF7D-80FA-F3552941E658}.Debug|Any CPU.ActiveCfg = Debug|Any CPU
		{7A3F4A97-7A40-EF7D-80FA-F3552941E658}.Debug|Any CPU.Build.0 = Debug|Any CPU
		{7A3F4A97-7A40-EF7D-80FA-F3552941E658}.Release|Any CPU.ActiveCfg = Release|Any CPU
		{7A3F4A97-7A40-EF7D-80FA-F3552941E658}.Release|Any CPU.Build.0 = Release|Any CPU
	EndGlobalSection
	GlobalSection(SolutionProperties) = preSolution
		HideSolutionNode = FALSE
	EndGlobalSection
EndGlobal
